
Microsoft Visual Studio Solution File, Format Version 12.00
# Visual Studio Version 17
VisualStudioVersion = 17.10.34928.147
MinimumVisualStudioVersion = 10.0.40219.1
Project("{FAE04EC0-301F-11D3-BF4B-00C04F79EFBC}") = "PersonaNaDadora6932077", "PersonaNaDadora6932077.csproj", "{51E27E03-8A66-4E3A-9CBD-46487BF0D2FD}"
EndProject
Global
	GlobalSection(SolutionConfigurationPlatforms) = preSolution
		Debug|Any CPU = Debug|Any CPU
		Release|Any CPU = Release|Any CPU
	EndGlobalSection
	GlobalSection(ProjectConfigurationPlatforms) = postSolution
		{51E27E03-8A66-4E3A-9CBD-46487BF0D2FD}.Debug|Any CPU.ActiveCfg = Debug|Any CPU
		{51E27E03-8A66-4E3A-9CBD-46487BF0D2FD}.Debug|Any CPU.Build.0 = Debug|Any CPU
		{51E27E03-8A66-4E3A-9CBD-46487BF0D2FD}.Release|Any CPU.ActiveCfg = Release|Any CPU
		{51E27E03-8A66-4E3A-9CBD-46487BF0D2FD}.Release|Any CPU.Build.0 = Release|Any CPU
	EndGlobalSection
	GlobalSection(SolutionProperties) = preSolution
		HideSolutionNode = FALSE
	EndGlobalSection
	GlobalSection(ExtensibilityGlobals) = postSolution
		SolutionGuid = {A4C6F3C1-AA04-4546-A8A9-B59D4832802B}
	EndGlobalSection
EndGlobal
